
Microsoft Visual Studio Solution File, Format Version 12.00
# Visual Studio Version 17
VisualStudioVersion = 17.9.34728.123
MinimumVisualStudioVersion = 10.0.40219.1
Project("{8BC9CEB8-8B4A-11D0-8D11-00A0C91BC942}") = "GuiTest", "GuiTest\GuiTest.vcxproj", "{935CC6C3-20F8-45DD-9B33-8037D5F99360}"
EndProject
Global
	GlobalSection(SolutionConfigurationPlatforms) = preSolution
		Debug|x64 = Debug|x64
		Debug|x86 = Debug|x86
		Release|x64 = Release|x64
		Release|x86 = Release|x86
	EndGlobalSection
	GlobalSection(ProjectConfigurationPlatforms) = postSolution
		{935CC6C3-20F8-45DD-9B33-8037D5F99360}.Debug|x64.ActiveCfg = Debug|x64
		{935CC6C3-20F8-45DD-9B33-8037D5F99360}.Debug|x64.Build.0 = Debug|x64
		{935CC6C3-20F8-45DD-9B33-8037D5F99360}.Debug|x86.ActiveCfg = Debug|Win32
		{935CC6C3-20F8-45DD-9B33-8037D5F99360}.Debug|x86.Build.0 = Debug|Win32
		{935CC6C3-20F8-45DD-9B33-8037D5F99360}.Release|x64.ActiveCfg = Release|x64
		{935CC6C3-20F8-45DD-9B33-8037D5F99360}.Release|x64.Build.0 = Release|x64
		{935CC6C3-20F8-45DD-9B33-8037D5F99360}.Release|x86.ActiveCfg = Release|Win32
		{935CC6C3-20F8-45DD-9B33-8037D5F99360}.Release|x86.Build.0 = Release|Win32
	EndGlobalSection
	GlobalSection(SolutionProperties) = preSolution
		HideSolutionNode = FALSE
	EndGlobalSection
	GlobalSection(ExtensibilityGlobals) = postSolution
		SolutionGuid = {12F0F52E-4F34-48DE-8D25-EB383229F826}
	EndGlobalSection
EndGlobal
